PODS:
  - KeychainAccess (4.2.2)
  - Realm (10.11.0):
    - Realm/Headers (= 10.11.0)
  - Realm/Headers (10.11.0)
  - RealmSwift (10.11.0):
    - Realm (= 10.11.0)

DEPENDENCIES:
  - KeychainAccess
  - RealmSwift

SPEC REPOS:
  trunk:
    - KeychainAccess
    - Realm
    - RealmSwift

SPEC CHECKSUMS:
  KeychainAccess: c0c4f7f38f6fc7bbe58f5702e25f7bd2f65abf51
  Realm: 39ff23f0f709cd4ed93eb47ee6593c2158945b38
  RealmSwift: 42713e09a8631070d6c12c3c5fb22b8edc1daa41

PODFILE CHECKSUM: 56f3268f73c671b7e3c07c3379878e1fa468aec0

COCOAPODS: 1.10.1
